// !$*UTF8*$!
{
	archiveVersion = 1;
	classes = {
	};
	objectVersion = 48;
	objects = {

/* Begin PBXBuildFile section */
		23086F451F524C8900DD1AA4 /* AppDelegate.swift in Sources */ = {isa = PBXBuildFile; fileRef = 23086F441F524C8900DD1AA4 /* AppDelegate.swift */; };
		23086F4F1F524C8900DD1AA4 /* Assets.xcassets in Resources */ = {isa = PBXBuildFile; fileRef = 23086F4E1F524C8900DD1AA4 /* Assets.xcassets */; };
		234C51A41F5CCC2C00460192 /* LoadingView.swift in Sources */ = {isa = PBXBuildFile; fileRef = 234C51A31F5CCC2C00460192 /* LoadingView.swift */; };
		238B55361F5390D900239CC8 /* NoteDataSource.swift in Sources */ = {isa = PBXBuildFile; fileRef = 238B55351F5390D900239CC8 /* NoteDataSource.swift */; };
		238B55381F539B2F00239CC8 /* NotesViewController.swift in Sources */ = {isa = PBXBuildFile; fileRef = 238B55371F539B2F00239CC8 /* NotesViewController.swift */; };
		238B553A1F539B5300239CC8 /* RootViewController.swift in Sources */ = {isa = PBXBuildFile; fileRef = 238B55391F539B5300239CC8 /* RootViewController.swift */; };
		23DBC7BA1F9EE0B800795BB7 /* NotesShared.framework in Frameworks */ = {isa = PBXBuildFile; fileRef = 23DBC7BB1F9EE0B800795BB7 /* NotesShared.framework */; };
		23ED659E1F53E157003C55B5 /* NoteViewController.swift in Sources */ = {isa = PBXBuildFile; fileRef = 23ED659D1F53E157003C55B5 /* NoteViewController.swift */; };
/* End PBXBuildFile section */

/* Begin PBXCopyFilesBuildPhase section */
		23ED65771F53AD73003C55B5 /* Embed Frameworks */ = {
			isa = PBXCopyFilesBuildPhase;
			buildActionMask = 2147483647;
			dstPath = "";
			dstSubfolderSpec = 10;
			files = (
			);
			name = "Embed Frameworks";
			runOnlyForDeploymentPostprocessing = 0;
		};
/* End PBXCopyFilesBuildPhase section */

/* Begin PBXFileReference section */
		23086F411F524C8900DD1AA4 /* NotesApp.app */ = {isa = PBXFileReference; explicitFileType = wrapper.application; includeInIndex = 0; path = NotesApp.app; sourceTree = BUILT_PRODUCTS_DIR; };
		23086F441F524C8900DD1AA4 /* AppDelegate.swift */ = {isa = PBXFileReference; lastKnownFileType = sourcecode.swift; path = AppDelegate.swift; sourceTree = "<group>"; };
		23086F4E1F524C8900DD1AA4 /* Assets.xcassets */ = {isa = PBXFileReference; lastKnownFileType = folder.assetcatalog; path = Assets.xcassets; sourceTree = "<group>"; };
		23086F531F524C8900DD1AA4 /* Info.plist */ = {isa = PBXFileReference; lastKnownFileType = text.plist.xml; path = Info.plist; sourceTree = "<group>"; };
		234C51A31F5CCC2C00460192 /* LoadingView.swift */ = {isa = PBXFileReference; fileEncoding = 4; lastKnownFileType = sourcecode.swift; path = LoadingView.swift; sourceTree = "<group>"; };
		238B55351F5390D900239CC8 /* NoteDataSource.swift */ = {isa = PBXFileReference; fileEncoding = 4; lastKnownFileType = sourcecode.swift; path = NoteDataSource.swift; sourceTree = "<group>"; };
		238B55371F539B2F00239CC8 /* NotesViewController.swift */ = {isa = PBXFileReference; fileEncoding = 4; lastKnownFileType = sourcecode.swift; path = NotesViewController.swift; sourceTree = "<group>"; };
		238B55391F539B5300239CC8 /* RootViewController.swift */ = {isa = PBXFileReference; fileEncoding = 4; lastKnownFileType = sourcecode.swift; path = RootViewController.swift; sourceTree = "<group>"; };
		23DBC7BB1F9EE0B800795BB7 /* NotesShared.framework */ = {isa = PBXFileReference; explicitFileType = wrapper.framework; path = NotesShared.framework; sourceTree = BUILT_PRODUCTS_DIR; };
		23ED658B1F53AF66003C55B5 /* NotesShared.framework */ = {isa = PBXFileReference; lastKnownFileType = wrapper.framework; name = NotesShared.framework; path = "../../../../Library/Developer/Xcode/DerivedData/Notes-cfpgxifqgmmbslftknxejmqoymqt/Build/Products/Debug-iphonesimulator/NotesShared.framework"; sourceTree = "<group>"; };
		23ED659D1F53E157003C55B5 /* NoteViewController.swift */ = {isa = PBXFileReference; fileEncoding = 4; lastKnownFileType = sourcecode.swift; path = NoteViewController.swift; sourceTree = "<group>"; };
		3B81158A213B6F1E3FEE7FF3 /* Pods-NotesApp.release.xcconfig */ = {isa = PBXFileReference; includeInIndex = 1; lastKnownFileType = text.xcconfig; name = "Pods-NotesApp.release.xcconfig"; path = "../Pods/Target Support Files/Pods-NotesApp/Pods-NotesApp.release.xcconfig"; sourceTree = "<group>"; };
		C9611E130D2A55E7C028DF15 /* Pods_NotesApp.framework */ = {isa = PBXFileReference; explicitFileType = wrapper.framework; includeInIndex = 0; path = Pods_NotesApp.framework; sourceTree = BUILT_PRODUCTS_DIR; };
		DF3AC53F38A3624813541D52 /* Pods-NotesApp.debug.xcconfig */ = {isa = PBXFileReference; includeInIndex = 1; lastKnownFileType = text.xcconfig; name = "Pods-NotesApp.debug.xcconfig"; path = "../Pods/Target Support Files/Pods-NotesApp/Pods-NotesApp.debug.xcconfig"; sourceTree = "<group>"; };
/* End PBXFileReference section */

/* Begin PBXFrameworksBuildPhase section */
		23086F3E1F524C8900DD1AA4 /* Frameworks */ = {
			isa = PBXFrameworksBuildPhase;
			buildActionMask = 2147483647;
			files = (
				23DBC7BA1F9EE0B800795BB7 /* NotesShared.framework in Frameworks */,
			);
			runOnlyForDeploymentPostprocessing = 0;
		};
/* End PBXFrameworksBuildPhase section */

/* Begin PBXGroup section */
		23086F381F524C8900DD1AA4 = {
			isa = PBXGroup;
			children = (
				23086F431F524C8900DD1AA4 /* NotesApp */,
				23086F421F524C8900DD1AA4 /* Products */,
				27E3A4E33D2776E559BE73DD /* Pods */,
				287565418D284E648D9C3BCB /* Frameworks */,
			);
			sourceTree = "<group>";
		};
		23086F421F524C8900DD1AA4 /* Products */ = {
			isa = PBXGroup;
			children = (
				23086F411F524C8900DD1AA4 /* NotesApp.app */,
			);
			name = Products;
			sourceTree = "<group>";
		};
		23086F431F524C8900DD1AA4 /* NotesApp */ = {
			isa = PBXGroup;
			children = (
				23086F441F524C8900DD1AA4 /* AppDelegate.swift */,
				234C51A31F5CCC2C00460192 /* LoadingView.swift */,
				238B55351F5390D900239CC8 /* NoteDataSource.swift */,
				238B55371F539B2F00239CC8 /* NotesViewController.swift */,
				23ED659D1F53E157003C55B5 /* NoteViewController.swift */,
				238B55391F539B5300239CC8 /* RootViewController.swift */,
				23086F4E1F524C8900DD1AA4 /* Assets.xcassets */,
				23086F531F524C8900DD1AA4 /* Info.plist */,
			);
			path = NotesApp;
			sourceTree = "<group>";
		};
		27E3A4E33D2776E559BE73DD /* Pods */ = {
			isa = PBXGroup;
			children = (
				DF3AC53F38A3624813541D52 /* Pods-NotesApp.debug.xcconfig */,
				3B81158A213B6F1E3FEE7FF3 /* Pods-NotesApp.release.xcconfig */,
			);
			name = Pods;
			sourceTree = "<group>";
		};
		287565418D284E648D9C3BCB /* Frameworks */ = {
			isa = PBXGroup;
			children = (
				23DBC7BB1F9EE0B800795BB7 /* NotesShared.framework */,
				23ED658B1F53AF66003C55B5 /* NotesShared.framework */,
				C9611E130D2A55E7C028DF15 /* Pods_NotesApp.framework */,
			);
			name = Frameworks;
			sourceTree = "<group>";
		};
/* End PBXGroup section */

/* Begin PBXNativeTarget section */
		23086F401F524C8900DD1AA4 /* NotesApp */ = {
			isa = PBXNativeTarget;
			buildConfigurationList = 23086F561F524C8900DD1AA4 /* Build configuration list for PBXNativeTarget "NotesApp" */;
			buildPhases = (
				42C16680049415871989D6B2 /* [CP] Check Pods Manifest.lock */,
				23086F3D1F524C8900DD1AA4 /* Sources */,
				23086F3E1F524C8900DD1AA4 /* Frameworks */,
				23086F3F1F524C8900DD1AA4 /* Resources */,
				F17D1EB24F2EA57D32AFFCA1 /* [CP] Embed Pods Frameworks */,
				9C58A4F376EE4E72171363FC /* [CP] Copy Pods Resources */,
				23ED65771F53AD73003C55B5 /* Embed Frameworks */,
			);
			buildRules = (
			);
			dependencies = (
			);
			name = NotesApp;
			productName = NotesApp;
			productReference = 23086F411F524C8900DD1AA4 /* NotesApp.app */;
			productType = "com.apple.product-type.application";
		};
/* End PBXNativeTarget section */

/* Begin PBXProject section */
		23086F391F524C8900DD1AA4 /* Project object */ = {
			isa = PBXProject;
			attributes = {
				LastSwiftUpdateCheck = 0900;
				LastUpgradeCheck = 0900;
				ORGANIZATIONNAME = "Dimitry Zolotaryov";
				TargetAttributes = {
					23086F401F524C8900DD1AA4 = {
						CreatedOnToolsVersion = 9.0;
						ProvisioningStyle = Manual;
					};
				};
			};
			buildConfigurationList = 23086F3C1F524C8900DD1AA4 /* Build configuration list for PBXProject "NotesApp" */;
			compatibilityVersion = "Xcode 8.0";
			developmentRegion = en;
			hasScannedForEncodings = 0;
			knownRegions = (
				en,
				Base,
			);
			mainGroup = 23086F381F524C8900DD1AA4;
			productRefGroup = 23086F421F524C8900DD1AA4 /* Products */;
			projectDirPath = "";
			projectRoot = "";
			targets = (
				23086F401F524C8900DD1AA4 /* NotesApp */,
			);
		};
/* End PBXProject section */

/* Begin PBXResourcesBuildPhase section */
		23086F3F1F524C8900DD1AA4 /* Resources */ = {
			isa = PBXResourcesBuildPhase;
			buildActionMask = 2147483647;
			files = (
				23086F4F1F524C8900DD1AA4 /* Assets.xcassets in Resources */,
			);
			runOnlyForDeploymentPostprocessing = 0;
		};
/* End PBXResourcesBuildPhase section */

/* Begin PBXShellScriptBuildPhase section */
		42C16680049415871989D6B2 /* [CP] Check Pods Manifest.lock */ = {
			isa = PBXShellScriptBuildPhase;
			buildActionMask = 2147483647;
			files = (
			);
			inputPaths = (
			);
			name = "[CP] Check Pods Manifest.lock";
			outputPaths = (
			);
			runOnlyForDeploymentPostprocessing = 0;
			shellPath = /bin/sh;
			shellScript = "diff \"${PODS_ROOT}/../Podfile.lock\" \"${PODS_ROOT}/Manifest.lock\" > /dev/null\nif [ $? != 0 ] ; then\n    # print error to STDERR\n    echo \"error: The sandbox is not in sync with the Podfile.lock. Run 'pod install' or update your CocoaPods installation.\" >&2\n    exit 1\nfi\n";
			showEnvVarsInLog = 0;
		};
		9C58A4F376EE4E72171363FC /* [CP] Copy Pods Resources */ = {
			isa = PBXShellScriptBuildPhase;
			buildActionMask = 2147483647;
			files = (
			);
			inputPaths = (
			);
			name = "[CP] Copy Pods Resources";
			outputPaths = (
			);
			runOnlyForDeploymentPostprocessing = 0;
			shellPath = /bin/sh;
			shellScript = "\"${SRCROOT}/../Pods/Target Support Files/Pods-NotesApp/Pods-NotesApp-resources.sh\"\n";
			showEnvVarsInLog = 0;
		};
		F17D1EB24F2EA57D32AFFCA1 /* [CP] Embed Pods Frameworks */ = {
			isa = PBXShellScriptBuildPhase;
			buildActionMask = 2147483647;
			files = (
			);
			inputPaths = (
			);
			name = "[CP] Embed Pods Frameworks";
			outputPaths = (
			);
			runOnlyForDeploymentPostprocessing = 0;
			shellPath = /bin/sh;
			shellScript = "\"${SRCROOT}/../Pods/Target Support Files/Pods-NotesApp/Pods-NotesApp-frameworks.sh\"\n";
			showEnvVarsInLog = 0;
		};
/* End PBXShellScriptBuildPhase section */

/* Begin PBXSourcesBuildPhase section */
		23086F3D1F524C8900DD1AA4 /* Sources */ = {
			isa = PBXSourcesBuildPhase;
			buildActionMask = 2147483647;
			files = (
				238B55381F539B2F00239CC8 /* NotesViewController.swift in Sources */,
				238B55361F5390D900239CC8 /* NoteDataSource.swift in Sources */,
				238B553A1F539B5300239CC8 /* RootViewController.swift in Sources */,
				23ED659E1F53E157003C55B5 /* NoteViewController.swift in Sources */,
				23086F451F524C8900DD1AA4 /* AppDelegate.swift in Sources */,
				234C51A41F5CCC2C00460192 /* LoadingView.swift in Sources */,
			);
			runOnlyForDeploymentPostprocessing = 0;
		};
/* End PBXSourcesBuildPhase section */

/* Begin XCBuildConfiguration section */
		23086F541F524C8900DD1AA4 /* Debug */ = {
			isa = XCBuildConfiguration;
			buildSettings = {
				ALWAYS_SEARCH_USER_PATHS = NO;
				CLANG_ANALYZER_NONNULL = YES;
				CLANG_ANALYZER_NUMBER_OBJECT_CONVERSION = YES_AGGRESSIVE;
				CLANG_CXX_LANGUAGE_STANDARD = "gnu++14";
				CLANG_CXX_LIBRARY = "libc++";
				CLANG_ENABLE_MODULES = YES;
				CLANG_ENABLE_OBJC_ARC = YES;
				CLANG_WARN_BLOCK_CAPTURE_AUTORELEASING = YES;
				CLANG_WARN_BOOL_CONVERSION = YES;
				CLANG_WARN_COMMA = YES;
				CLANG_WARN_CONSTANT_CONVERSION = YES;
				CLANG_WARN_DIRECT_OBJC_ISA_USAGE = YES_ERROR;
				CLANG_WARN_DOCUMENTATION_COMMENTS = YES;
				CLANG_WARN_EMPTY_BODY = YES;
				CLANG_WARN_ENUM_CONVERSION = YES;
				CLANG_WARN_INFINITE_RECURSION = YES;
				CLANG_WARN_INT_CONVERSION = YES;
				CLANG_WARN_NON_LITERAL_NULL_CONVERSION = YES;
				CLANG_WARN_OBJC_LITERAL_CONVERSION = YES;
				CLANG_WARN_OBJC_ROOT_CLASS = YES_ERROR;
				CLANG_WARN_RANGE_LOOP_ANALYSIS = YES;
				CLANG_WARN_STRICT_PROTOTYPES = YES;
				CLANG_WARN_SUSPICIOUS_MOVE = YES;
				CLANG_WARN_UNGUARDED_AVAILABILITY = YES_AGGRESSIVE;
				CLANG_WARN_UNREACHABLE_CODE = YES;
				CLANG_WARN__DUPLICATE_METHOD_MATCH = YES;
				CODE_SIGN_IDENTITY = "iPhone Developer";
				COPY_PHASE_STRIP = NO;
				DEBUG_INFORMATION_FORMAT = dwarf;
				ENABLE_STRICT_OBJC_MSGSEND = YES;
				ENABLE_TESTABILITY = YES;
				GCC_C_LANGUAGE_STANDARD = gnu11;
				GCC_DYNAMIC_NO_PIC = NO;
				GCC_NO_COMMON_BLOCKS = YES;
				GCC_OPTIMIZATION_LEVEL = 0;
				GCC_PREPROCESSOR_DEFINITIONS = (
					"DEBUG=1",
					"$(inherited)",
				);
				GCC_WARN_64_TO_32_BIT_CONVERSION = YES;
				GCC_WARN_ABOUT_RETURN_TYPE = YES_ERROR;
				GCC_WARN_UNDECLARED_SELECTOR = YES;
				GCC_WARN_UNINITIALIZED_AUTOS = YES_AGGRESSIVE;
				GCC_WARN_UNUSED_FUNCTION = YES;
				GCC_WARN_UNUSED_VARIABLE = YES;
				IPHONEOS_DEPLOYMENT_TARGET = 11.0;
				MTL_ENABLE_DEBUG_INFO = YES;
				ONLY_ACTIVE_ARCH = YES;
				SDKROOT = iphoneos;
				SWIFT_ACTIVE_COMPILATION_CONDITIONS = DEBUG;
				SWIFT_OPTIMIZATION_LEVEL = "-Onone";
			};
			name = Debug;
		};
		23086F551F524C8900DD1AA4 /* Release */ = {
			isa = XCBuildConfiguration;
			buildSettings = {
				ALWAYS_SEARCH_USER_PATHS = NO;
				CLANG_ANALYZER_NONNULL = YES;
				CLANG_ANALYZER_NUMBER_OBJECT_CONVERSION = YES_AGGRESSIVE;
				CLANG_CXX_LANGUAGE_STANDARD = "gnu++14";
				CLANG_CXX_LIBRARY = "libc++";
				CLANG_ENABLE_MODULES = YES;
				CLANG_ENABLE_OBJC_ARC = YES;
				CLANG_WARN_BLOCK_CAPTURE_AUTORELEASING = YES;
				CLANG_WARN_BOOL_CONVERSION = YES;
				CLANG_WARN_COMMA = YES;
				CLANG_WARN_CONSTANT_CONVERSION = YES;
				CLANG_WARN_DIRECT_OBJC_ISA_USAGE = YES_ERROR;
				CLANG_WARN_DOCUMENTATION_COMMENTS = YES;
				CLANG_WARN_EMPTY_BODY = YES;
				CLANG_WARN_ENUM_CONVERSION = YES;
				CLANG_WARN_INFINITE_RECURSION = YES;
				CLANG_WARN_INT_CONVERSION = YES;
				CLANG_WARN_NON_LITERAL_NULL_CONVERSION = YES;
				CLANG_WARN_OBJC_LITERAL_CONVERSION = YES;
				CLANG_WARN_OBJC_ROOT_CLASS = YES_ERROR;
				CLANG_WARN_RANGE_LOOP_ANALYSIS = YES;
				CLANG_WARN_STRICT_PROTOTYPES = YES;
				CLANG_WARN_SUSPICIOUS_MOVE = YES;
				CLANG_WARN_UNGUARDED_AVAILABILITY = YES_AGGRESSIVE;
				CLANG_WARN_UNREACHABLE_CODE = YES;
				CLANG_WARN__DUPLICATE_METHOD_MATCH = YES;
				CODE_SIGN_IDENTITY = "iPhone Developer";
				COPY_PHASE_STRIP = NO;
				DEBUG_INFORMATION_FORMAT = "dwarf-with-dsym";
				ENABLE_NS_ASSERTIONS = NO;
				ENABLE_STRICT_OBJC_MSGSEND = YES;
				GCC_C_LANGUAGE_STANDARD = gnu11;
				GCC_NO_COMMON_BLOCKS = YES;
				GCC_WARN_64_TO_32_BIT_CONVERSION = YES;
				GCC_WARN_ABOUT_RETURN_TYPE = YES_ERROR;
				GCC_WARN_UNDECLARED_SELECTOR = YES;
				GCC_WARN_UNINITIALIZED_AUTOS = YES_AGGRESSIVE;
				GCC_WARN_UNUSED_FUNCTION = YES;
				GCC_WARN_UNUSED_VARIABLE = YES;
				IPHONEOS_DEPLOYMENT_TARGET = 11.0;
				MTL_ENABLE_DEBUG_INFO = NO;
				SDKROOT = iphoneos;
				SWIFT_OPTIMIZATION_LEVEL = "-Owholemodule";
				VALIDATE_PRODUCT = YES;
			};
			name = Release;
		};
		23086F571F524C8900DD1AA4 /* Debug */ = {
			isa = XCBuildConfiguration;
			baseConfigurationReference = DF3AC53F38A3624813541D52 /* Pods-NotesApp.debug.xcconfig */;
			buildSettings = {
				ASSETCATALOG_COMPILER_APPICON_NAME = AppIcon;
				CODE_SIGN_IDENTITY = "";
				DEVELOPMENT_TEAM = "";
				INFOPLIST_FILE = NotesApp/Info.plist;
				IPHONEOS_DEPLOYMENT_TARGET = 11.1;
				LD_RUNPATH_SEARCH_PATHS = "$(inherited) @executable_path/Frameworks";
				PRODUCT_BUNDLE_IDENTIFIER = ca.webit.NotesApp;
				PRODUCT_NAME = "$(TARGET_NAME)";
				PROVISIONING_PROFILE_SPECIFIER = "";
				SWIFT_VERSION = 3.0;
				TARGETED_DEVICE_FAMILY = 1;
			};
			name = Debug;
		};
		23086F581F524C8900DD1AA4 /* Release */ = {
			isa = XCBuildConfiguration;
			baseConfigurationReference = 3B81158A213B6F1E3FEE7FF3 /* Pods-NotesApp.release.xcconfig */;
			buildSettings = {
				ASSETCATALOG_COMPILER_APPICON_NAME = AppIcon;
				CODE_SIGN_IDENTITY = "";
				DEVELOPMENT_TEAM = "";
				INFOPLIST_FILE = NotesApp/Info.plist;
				IPHONEOS_DEPLOYMENT_TARGET = 11.1;
				LD_RUNPATH_SEARCH_PATHS = "$(inherited) @executable_path/Frameworks";
				PRODUCT_BUNDLE_IDENTIFIER = ca.webit.NotesApp;
				PRODUCT_NAME = "$(TARGET_NAME)";
				PROVISIONING_PROFILE_SPECIFIER = "";
				SWIFT_VERSION = 3.0;
				TARGETED_DEVICE_FAMILY = 1;
			};
			name = Release;
		};
/* End XCBuildConfiguration section */

/* Begin XCConfigurationList section */
		23086F3C1F524C8900DD1AA4 /* Build configuration list for PBXProject "NotesApp" */ = {
			isa = XCConfigurationList;
			buildConfigurations = (
				23086F541F524C8900DD1AA4 /* Debug */,
				23086F551F524C8900DD1AA4 /* Release */,
			);
			defaultConfigurationIsVisible = 0;
			defaultConfigurationName = Release;
		};
		23086F561F524C8900DD1AA4 /* Build configuration list for PBXNativeTarget "NotesApp" */ = {
			isa = XCConfigurationList;
			buildConfigurations = (
				23086F571F524C8900DD1AA4 /* Debug */,
				23086F581F524C8900DD1AA4 /* Release */,
			);
			defaultConfigurationIsVisible = 0;
			defaultConfigurationName = Release;
		};
/* End XCConfigurationList section */
	};
	rootObject = 23086F391F524C8900DD1AA4 /* Project object */;
}
