{
  "object": {
    "pins": [
      {
        "package": "SwiftyJSON",
        "repositoryURL": "https://github.com/IBM-Swift/SwiftyJSON.git",
        "state": {
          "branch": null,
          "revision": "1190845cf7d25a5c8ea7653fe03dcdd39a082056",
          "version": "17.0.0"
        }
      }
    ]
  },
  "version": 1
}
